
Microsoft Visual Studio Solution File, Format Version 12.00
# Visual Studio Version 17
VisualStudioVersion = 17.9.34622.214
MinimumVisualStudioVersion = 10.0.40219.1
Project("{9A19103F-16F7-4668-BE54-9A1E7A4F7556}") = "Hangmo.Server", "Hangmo.Server\Hangmo.Server.csproj", "{0D1027EB-1F29-4DC2-8D0E-B6C8F619EB14}"
EndProject
Project("{FAE04EC0-301F-11D3-BF4B-00C04F79EFBC}") = "Hangmo.Repository", "Hangmo.Repository\Hangmo.Repository.csproj", "{3D57E237-271A-4DF1-A446-62B348509E4C}"
EndProject
Global
	GlobalSection(SolutionConfigurationPlatforms) = preSolution
		Debug|Any CPU = Debug|Any CPU
		Release|Any CPU = Release|Any CPU
	EndGlobalSection
	GlobalSection(ProjectConfigurationPlatforms) = postSolution
		{0D1027EB-1F29-4DC2-8D0E-B6C8F619EB14}.Debug|Any CPU.ActiveCfg = Debug|Any CPU
		{0D1027EB-1F29-4DC2-8D0E-B6C8F619EB14}.Debug|Any CPU.Build.0 = Debug|Any CPU
		{0D1027EB-1F29-4DC2-8D0E-B6C8F619EB14}.Release|Any CPU.ActiveCfg = Release|Any CPU
		{0D1027EB-1F29-4DC2-8D0E-B6C8F619EB14}.Release|Any CPU.Build.0 = Release|Any CPU
		{3D57E237-271A-4DF1-A446-62B348509E4C}.Debug|Any CPU.ActiveCfg = Debug|Any CPU
		{3D57E237-271A-4DF1-A446-62B348509E4C}.Debug|Any CPU.Build.0 = Debug|Any CPU
		{3D57E237-271A-4DF1-A446-62B348509E4C}.Release|Any CPU.ActiveCfg = Release|Any CPU
		{3D57E237-271A-4DF1-A446-62B348509E4C}.Release|Any CPU.Build.0 = Release|Any CPU
	EndGlobalSection
	GlobalSection(SolutionProperties) = preSolution
		HideSolutionNode = FALSE
	EndGlobalSection
	GlobalSection(ExtensibilityGlobals) = postSolution
		SolutionGuid = {50279C69-FC37-4412-855C-E1E8FBE06C31}
	EndGlobalSection
EndGlobal
